{
  "name": "node_runtime",
  "lockfileVersion": 3,
  "requires": true,
  "packages": {
    "": {
      "dependencies": {
        "koffi": "^2.12.3"
      }
    },
    "node_modules/koffi": {
      "version": "2.12.3",
      "resolved": "https://registry.npmjs.org/koffi/-/koffi-2.12.3.tgz",
      "integrity": "sha512-VdUbreihzsJ6SAV9lm74/UkdvsPqOnkVAzdgtI7+kQlc0UZPtOdo28+dcquIhgSHQx3AO02gEz+3qtiEIhfM3w==",
      "hasInstallScript": true,
      "license": "MIT"
    }
  }
}
